
Microsoft Visual Studio Solution File, Format Version 12.00
# Visual Studio 14
VisualStudioVersion = 14.0.24720.0
MinimumVisualStudioVersion = 10.0.40219.1
Project("{FAE04EC0-301F-11D3-BF4B-00C04F79EFBC}") = "WindowsFormsApplication19", "WindowsFormsApplication19\WindowsFormsApplication19.csproj", "{1F13605C-B80A-45FE-BC26-0BFD4E1B8640}"
EndProject
Global
	GlobalSection(SolutionConfigurationPlatforms) = preSolution
		Debug|Any CPU = Debug|Any CPU
		Release|Any CPU = Release|Any CPU
	EndGlobalSection
	GlobalSection(ProjectConfigurationPlatforms) = postSolution
		{1F13605C-B80A-45FE-BC26-0BFD4E1B8640}.Debug|Any CPU.ActiveCfg = Debug|Any CPU
		{1F13605C-B80A-45FE-BC26-0BFD4E1B8640}.Debug|Any CPU.Build.0 = Debug|Any CPU
		{1F13605C-B80A-45FE-BC26-0BFD4E1B8640}.Release|Any CPU.ActiveCfg = Release|Any CPU
		{1F13605C-B80A-45FE-BC26-0BFD4E1B8640}.Release|Any CPU.Build.0 = Release|Any CPU
	EndGlobalSection
	GlobalSection(SolutionProperties) = preSolution
		HideSolutionNode = FALSE
	EndGlobalSection
EndGlobal
